# THIS IS AN AUTOGENERATED FILE. DO NOT EDIT THIS FILE DIRECTLY.
# yarn lockfile v1


indental@^1.0.0:
  version "1.0.0"
  resolved "https://registry.yarnpkg.com/indental/-/indental-1.0.0.tgz#df1d2dfab3caa66687dda57c7b825fec5845c5fa"

ramda@^0.25.0:
  version "0.25.0"
  resolved "https://registry.yarnpkg.com/ramda/-/ramda-0.25.0.tgz#8fdf68231cffa90bc2f9460390a0cb74a29b29a9"

s-js@^0.4.8:
  version "0.4.8"
  resolved "https://registry.yarnpkg.com/s-js/-/s-js-0.4.8.tgz#cf6fbf4604ece2cbc2abc4aceb3087cbaf83be4d"
